{
  "name": "toy-svelte",
  "version": "1.0.0",
  "lockfileVersion": 2,
  "requires": true,
  "packages": {
    "": {
      "name": "toy-svelte",
      "version": "1.0.0",
      "license": "ISC",
      "dependencies": {
        "acron": "^1.0.5",
        "code-red": "^0.2.5"
      }
    },
    "node_modules/@types/estree": {
      "version": "0.0.50",
      "resolved": "https://registry.npmmirror.com/@types/estree/-/estree-0.0.50.tgz",
      "integrity": "sha512-C6N5s2ZFtuZRj54k2/zyRhNDjJwwcViAM3Nbm8zjBpbqAdZ00mr0CFxvSKeO8Y/e03WVFLpQMdHYVfUd6SB+Hw=="
    },
    "node_modules/acorn": {
      "version": "8.8.2",
      "resolved": "https://registry.npmmirror.com/acorn/-/acorn-8.8.2.tgz",
      "integrity": "sha512-xjIYgE8HBrkpd/sJqOGNspf8uHG+NOHGOw6a/Urj8taM2EXfdNAH2oFcPeIFfsv3+kz/mJrS5VuMqbNLjCa2vw==",
      "bin": {
        "acorn": "bin/acorn"
      },
      "engines": {
        "node": ">=0.4.0"
      }
    },
    "node_modules/acron": {
      "version": "1.0.5",
      "resolved": "https://registry.npmmirror.com/acron/-/acron-1.0.5.tgz",
      "integrity": "sha512-Jm3uey9PSUl5k9RsjBSfDJG35nG0vd9B4FUCV1J/NeVHDQ5HJPVpAhmGrPYtPKh0gLhEUIEy4DKqBy/p60B+4Q==",
      "dependencies": {
        "lodash": "^4.17.11"
      },
      "bin": {
        "acron": "cli.js"
      }
    },
    "node_modules/code-red": {
      "version": "0.2.5",
      "resolved": "https://registry.npmmirror.com/code-red/-/code-red-0.2.5.tgz",
      "integrity": "sha512-x+uQyJLNS1v0+74eXqM7FMPoM1fU/fN3tdexGWtCuVjCfxADt1TuuEGIGlFyCC2vhgINDctDb/rgSn8/ZDfJsQ==",
      "dependencies": {
        "@types/estree": "^0.0.50",
        "acorn": "^8.0.5",
        "estree-walker": "^3.0.0",
        "is-reference": "^3.0.0",
        "periscopic": "^3.0.4",
        "sourcemap-codec": "^1.4.8"
      }
    },
    "node_modules/estree-walker": {
      "version": "3.0.3",
      "resolved": "https://registry.npmmirror.com/estree-walker/-/estree-walker-3.0.3.tgz",
      "integrity": "sha512-7RUKfXgSMMkzt6ZuXmqapOurLGPPfgj6l9uRZ7lRGolvk0y2yocc35LdcxKC5PQZdn2DMqioAQ2NoWcrTKmm6g==",
      "dependencies": {
        "@types/estree": "^1.0.0"
      }
    },
    "node_modules/estree-walker/node_modules/@types/estree": {
      "version": "1.0.0",
      "resolved": "https://registry.npmmirror.com/@types/estree/-/estree-1.0.0.tgz",
      "integrity": "sha512-WulqXMDUTYAXCjZnk6JtIHPigp55cVtDgDrO2gHRwhyJto21+1zbVCtOYB2L1F9w4qCQ0rOGWBnBe0FNTiEJIQ=="
    },
    "node_modules/is-reference": {
      "version": "3.0.1",
      "resolved": "https://registry.npmmirror.com/is-reference/-/is-reference-3.0.1.tgz",
      "integrity": "sha512-baJJdQLiYaJdvFbJqXrcGv3WU3QCzBlUcI5QhbesIm6/xPsvmO+2CDoi/GMOFBQEQm+PXkwOPrp9KK5ozZsp2w==",
      "dependencies": {
        "@types/estree": "*"
      }
    },
    "node_modules/lodash": {
      "version": "4.17.21",
      "resolved": "https://registry.npmmirror.com/lodash/-/lodash-4.17.21.tgz",
      "integrity": "sha512-v2kDEe57lecTulaDIuNTPy3Ry4gLGJ6Z1O3vE1krgXZNrsQ+LFTGHVxVjcXPs17LhbZVGedAJv8XZ1tvj5FvSg=="
    },
    "node_modules/periscopic": {
      "version": "3.1.0",
      "resolved": "https://registry.npmmirror.com/periscopic/-/periscopic-3.1.0.tgz",
      "integrity": "sha512-vKiQ8RRtkl9P+r/+oefh25C3fhybptkHKCZSPlcXiJux2tJF55GnEj3BVn4A5gKfq9NWWXXrxkHBwVPUfH0opw==",
      "dependencies": {
        "@types/estree": "^1.0.0",
        "estree-walker": "^3.0.0",
        "is-reference": "^3.0.0"
      }
    },
    "node_modules/periscopic/node_modules/@types/estree": {
      "version": "1.0.0",
      "resolved": "https://registry.npmmirror.com/@types/estree/-/estree-1.0.0.tgz",
      "integrity": "sha512-WulqXMDUTYAXCjZnk6JtIHPigp55cVtDgDrO2gHRwhyJto21+1zbVCtOYB2L1F9w4qCQ0rOGWBnBe0FNTiEJIQ=="
    },
    "node_modules/sourcemap-codec": {
      "version": "1.4.8",
      "resolved": "https://registry.npmmirror.com/sourcemap-codec/-/sourcemap-codec-1.4.8.tgz",
      "integrity": "sha512-9NykojV5Uih4lgo5So5dtw+f0JgJX30KCNI8gwhz2J9A15wD0Ml6tjHKwf6fTSa6fAdVBdZeNOs9eJ71qCk8vA==",
      "deprecated": "Please use @jridgewell/sourcemap-codec instead"
    }
  },
  "dependencies": {
    "@types/estree": {
      "version": "0.0.50",
      "resolved": "https://registry.npmmirror.com/@types/estree/-/estree-0.0.50.tgz",
      "integrity": "sha512-C6N5s2ZFtuZRj54k2/zyRhNDjJwwcViAM3Nbm8zjBpbqAdZ00mr0CFxvSKeO8Y/e03WVFLpQMdHYVfUd6SB+Hw=="
    },
    "acorn": {
      "version": "8.8.2",
      "resolved": "https://registry.npmmirror.com/acorn/-/acorn-8.8.2.tgz",
      "integrity": "sha512-xjIYgE8HBrkpd/sJqOGNspf8uHG+NOHGOw6a/Urj8taM2EXfdNAH2oFcPeIFfsv3+kz/mJrS5VuMqbNLjCa2vw=="
    },
    "acron": {
      "version": "1.0.5",
      "resolved": "https://registry.npmmirror.com/acron/-/acron-1.0.5.tgz",
      "integrity": "sha512-Jm3uey9PSUl5k9RsjBSfDJG35nG0vd9B4FUCV1J/NeVHDQ5HJPVpAhmGrPYtPKh0gLhEUIEy4DKqBy/p60B+4Q==",
      "requires": {
        "lodash": "^4.17.11"
      }
    },
    "code-red": {
      "version": "0.2.5",
      "resolved": "https://registry.npmmirror.com/code-red/-/code-red-0.2.5.tgz",
      "integrity": "sha512-x+uQyJLNS1v0+74eXqM7FMPoM1fU/fN3tdexGWtCuVjCfxADt1TuuEGIGlFyCC2vhgINDctDb/rgSn8/ZDfJsQ==",
      "requires": {
        "@types/estree": "^0.0.50",
        "acorn": "^8.0.5",
        "estree-walker": "^3.0.0",
        "is-reference": "^3.0.0",
        "periscopic": "^3.0.4",
        "sourcemap-codec": "^1.4.8"
      }
    },
    "estree-walker": {
      "version": "3.0.3",
      "resolved": "https://registry.npmmirror.com/estree-walker/-/estree-walker-3.0.3.tgz",
      "integrity": "sha512-7RUKfXgSMMkzt6ZuXmqapOurLGPPfgj6l9uRZ7lRGolvk0y2yocc35LdcxKC5PQZdn2DMqioAQ2NoWcrTKmm6g==",
      "requires": {
        "@types/estree": "^1.0.0"
      },
      "dependencies": {
        "@types/estree": {
          "version": "1.0.0",
          "resolved": "https://registry.npmmirror.com/@types/estree/-/estree-1.0.0.tgz",
          "integrity": "sha512-WulqXMDUTYAXCjZnk6JtIHPigp55cVtDgDrO2gHRwhyJto21+1zbVCtOYB2L1F9w4qCQ0rOGWBnBe0FNTiEJIQ=="
        }
      }
    },
    "is-reference": {
      "version": "3.0.1",
      "resolved": "https://registry.npmmirror.com/is-reference/-/is-reference-3.0.1.tgz",
      "integrity": "sha512-baJJdQLiYaJdvFbJqXrcGv3WU3QCzBlUcI5QhbesIm6/xPsvmO+2CDoi/GMOFBQEQm+PXkwOPrp9KK5ozZsp2w==",
      "requires": {
        "@types/estree": "*"
      }
    },
    "lodash": {
      "version": "4.17.21",
      "resolved": "https://registry.npmmirror.com/lodash/-/lodash-4.17.21.tgz",
      "integrity": "sha512-v2kDEe57lecTulaDIuNTPy3Ry4gLGJ6Z1O3vE1krgXZNrsQ+LFTGHVxVjcXPs17LhbZVGedAJv8XZ1tvj5FvSg=="
    },
    "periscopic": {
      "version": "3.1.0",
      "resolved": "https://registry.npmmirror.com/periscopic/-/periscopic-3.1.0.tgz",
      "integrity": "sha512-vKiQ8RRtkl9P+r/+oefh25C3fhybptkHKCZSPlcXiJux2tJF55GnEj3BVn4A5gKfq9NWWXXrxkHBwVPUfH0opw==",
      "requires": {
        "@types/estree": "^1.0.0",
        "estree-walker": "^3.0.0",
        "is-reference": "^3.0.0"
      },
      "dependencies": {
        "@types/estree": {
          "version": "1.0.0",
          "resolved": "https://registry.npmmirror.com/@types/estree/-/estree-1.0.0.tgz",
          "integrity": "sha512-WulqXMDUTYAXCjZnk6JtIHPigp55cVtDgDrO2gHRwhyJto21+1zbVCtOYB2L1F9w4qCQ0rOGWBnBe0FNTiEJIQ=="
        }
      }
    },
    "sourcemap-codec": {
      "version": "1.4.8",
      "resolved": "https://registry.npmmirror.com/sourcemap-codec/-/sourcemap-codec-1.4.8.tgz",
      "integrity": "sha512-9NykojV5Uih4lgo5So5dtw+f0JgJX30KCNI8gwhz2J9A15wD0Ml6tjHKwf6fTSa6fAdVBdZeNOs9eJ71qCk8vA=="
    }
  }
}
